
Microsoft Visual Studio Solution File, Format Version 12.00
# Visual Studio Version 17
VisualStudioVersion = 17.9.34607.119
MinimumVisualStudioVersion = 10.0.40219.1
Project("{FAE04EC0-301F-11D3-BF4B-00C04F79EFBC}") = "T2Zadanie7", "T2Zadanie7\T2Zadanie7.csproj", "{2652D2E7-B950-48D7-B0D7-09CB145B7A09}"
EndProject
Global
	GlobalSection(SolutionConfigurationPlatforms) = preSolution
		Debug|Any CPU = Debug|Any CPU
		Release|Any CPU = Release|Any CPU
	EndGlobalSection
	GlobalSection(ProjectConfigurationPlatforms) = postSolution
		{2652D2E7-B950-48D7-B0D7-09CB145B7A09}.Debug|Any CPU.ActiveCfg = Debug|Any CPU
		{2652D2E7-B950-48D7-B0D7-09CB145B7A09}.Debug|Any CPU.Build.0 = Debug|Any CPU
		{2652D2E7-B950-48D7-B0D7-09CB145B7A09}.Release|Any CPU.ActiveCfg = Release|Any CPU
		{2652D2E7-B950-48D7-B0D7-09CB145B7A09}.Release|Any CPU.Build.0 = Release|Any CPU
	EndGlobalSection
	GlobalSection(SolutionProperties) = preSolution
		HideSolutionNode = FALSE
	EndGlobalSection
	GlobalSection(ExtensibilityGlobals) = postSolution
		SolutionGuid = {C968E30A-A69C-4EB2-9DE6-18C83F901A2E}
	EndGlobalSection
EndGlobal
